
Microsoft Visual Studio Solution File, Format Version 12.00
# Visual Studio Version 17
VisualStudioVersion = 17.4.33213.308
MinimumVisualStudioVersion = 10.0.40219.1
Project("{9A19103F-16F7-4668-BE54-9A1E7A4F7556}") = "DogsAPI", "DogsAPI.csproj", "{41496F61-FF7D-4682-BF26-5BD73904508B}"
EndProject
Project("{9A19103F-16F7-4668-BE54-9A1E7A4F7556}") = "DAL", "..\DAL\DAL.csproj", "{DB91FF1F-85F4-4870-A65F-D80AC73081A3}"
EndProject
Project("{9A19103F-16F7-4668-BE54-9A1E7A4F7556}") = "BLL", "..\BLL\BLL.csproj", "{11DDE7EC-FF0A-4B92-9B0E-DF29DE8BBEA6}"
EndProject
Project("{FAE04EC0-301F-11D3-BF4B-00C04F79EFBC}") = "Tests", "..\Tests\Tests.csproj", "{E173D616-00CB-45CB-A911-1D5E77AB547E}"
EndProject
Global
	GlobalSection(SolutionConfigurationPlatforms) = preSolution
		Debug|Any CPU = Debug|Any CPU
		Release|Any CPU = Release|Any CPU
	EndGlobalSection
	GlobalSection(ProjectConfigurationPlatforms) = postSolution
		{41496F61-FF7D-4682-BF26-5BD73904508B}.Debug|Any CPU.ActiveCfg = Debug|Any CPU
		{41496F61-FF7D-4682-BF26-5BD73904508B}.Debug|Any CPU.Build.0 = Debug|Any CPU
		{41496F61-FF7D-4682-BF26-5BD73904508B}.Release|Any CPU.ActiveCfg = Release|Any CPU
		{41496F61-FF7D-4682-BF26-5BD73904508B}.Release|Any CPU.Build.0 = Release|Any CPU
		{DB91FF1F-85F4-4870-A65F-D80AC73081A3}.Debug|Any CPU.ActiveCfg = Debug|Any CPU
		{DB91FF1F-85F4-4870-A65F-D80AC73081A3}.Debug|Any CPU.Build.0 = Debug|Any CPU
		{DB91FF1F-85F4-4870-A65F-D80AC73081A3}.Release|Any CPU.ActiveCfg = Release|Any CPU
		{DB91FF1F-85F4-4870-A65F-D80AC73081A3}.Release|Any CPU.Build.0 = Release|Any CPU
		{11DDE7EC-FF0A-4B92-9B0E-DF29DE8BBEA6}.Debug|Any CPU.ActiveCfg = Debug|Any CPU
		{11DDE7EC-FF0A-4B92-9B0E-DF29DE8BBEA6}.Debug|Any CPU.Build.0 = Debug|Any CPU
		{11DDE7EC-FF0A-4B92-9B0E-DF29DE8BBEA6}.Release|Any CPU.ActiveCfg = Release|Any CPU
		{11DDE7EC-FF0A-4B92-9B0E-DF29DE8BBEA6}.Release|Any CPU.Build.0 = Release|Any CPU
		{E173D616-00CB-45CB-A911-1D5E77AB547E}.Debug|Any CPU.ActiveCfg = Debug|Any CPU
		{E173D616-00CB-45CB-A911-1D5E77AB547E}.Debug|Any CPU.Build.0 = Debug|Any CPU
		{E173D616-00CB-45CB-A911-1D5E77AB547E}.Release|Any CPU.ActiveCfg = Release|Any CPU
		{E173D616-00CB-45CB-A911-1D5E77AB547E}.Release|Any CPU.Build.0 = Release|Any CPU
	EndGlobalSection
	GlobalSection(SolutionProperties) = preSolution
		HideSolutionNode = FALSE
	EndGlobalSection
	GlobalSection(ExtensibilityGlobals) = postSolution
		SolutionGuid = {D48BCAC5-694F-4BCC-BE61-E9D0D7A39332}
	EndGlobalSection
EndGlobal
